// !$*UTF8*$!
{
	archiveVersion = 1;
	classes = {
	};
	objectVersion = 50;
	objects = {

/* Begin PBXBuildFile section */
		1807A99425C721B200F10A37 /* AppDelegate.swift in Sources */ = {isa = PBXBuildFile; fileRef = 1807A99325C721B200F10A37 /* AppDelegate.swift */; };
		1807A99625C721B200F10A37 /* SceneDelegate.swift in Sources */ = {isa = PBXBuildFile; fileRef = 1807A99525C721B200F10A37 /* SceneDelegate.swift */; };
		1807A99825C721B200F10A37 /* ViewController.swift in Sources */ = {isa = PBXBuildFile; fileRef = 1807A99725C721B200F10A37 /* ViewController.swift */; };
		1807A99B25C721B200F10A37 /* Main.storyboard in Resources */ = {isa = PBXBuildFile; fileRef = 1807A99925C721B200F10A37 /* Main.storyboard */; };
		1807A99E25C721B200F10A37 /* PlacesApp.xcdatamodeld in Sources */ = {isa = PBXBuildFile; fileRef = 1807A99C25C721B200F10A37 /* PlacesApp.xcdatamodeld */; };
		1807A9A025C721B300F10A37 /* Assets.xcassets in Resources */ = {isa = PBXBuildFile; fileRef = 1807A99F25C721B300F10A37 /* Assets.xcassets */; };
		1807A9A325C721B300F10A37 /* LaunchScreen.storyboard in Resources */ = {isa = PBXBuildFile; fileRef = 1807A9A125C721B300F10A37 /* LaunchScreen.storyboard */; };
		1807A9AE25C721B300F10A37 /* PlacesAppTests.swift in Sources */ = {isa = PBXBuildFile; fileRef = 1807A9AD25C721B300F10A37 /* PlacesAppTests.swift */; };
		1807A9B925C721B300F10A37 /* PlacesAppUITests.swift in Sources */ = {isa = PBXBuildFile; fileRef = 1807A9B825C721B300F10A37 /* PlacesAppUITests.swift */; };
/* End PBXBuildFile section */

/* Begin PBXContainerItemProxy section */
		1807A9AA25C721B300F10A37 /* PBXContainerItemProxy */ = {
			isa = PBXContainerItemProxy;
			containerPortal = 1807A98825C721B200F10A37 /* Project object */;
			proxyType = 1;
			remoteGlobalIDString = 1807A98F25C721B200F10A37;
			remoteInfo = PlacesApp;
		};
		1807A9B525C721B300F10A37 /* PBXContainerItemProxy */ = {
			isa = PBXContainerItemProxy;
			containerPortal = 1807A98825C721B200F10A37 /* Project object */;
			proxyType = 1;
			remoteGlobalIDString = 1807A98F25C721B200F10A37;
			remoteInfo = PlacesApp;
		};
/* End PBXContainerItemProxy section */

/* Begin PBXFileReference section */
		1807A99025C721B200F10A37 /* PlacesApp.app */ = {isa = PBXFileReference; explicitFileType = wrapper.application; includeInIndex = 0; path = PlacesApp.app; sourceTree = BUILT_PRODUCTS_DIR; };
		1807A99325C721B200F10A37 /* AppDelegate.swift */ = {isa = PBXFileReference; lastKnownFileType = sourcecode.swift; path = AppDelegate.swift; sourceTree = "<group>"; };
		1807A99525C721B200F10A37 /* SceneDelegate.swift */ = {isa = PBXFileReference; lastKnownFileType = sourcecode.swift; path = SceneDelegate.swift; sourceTree = "<group>"; };
		1807A99725C721B200F10A37 /* ViewController.swift */ = {isa = PBXFileReference; lastKnownFileType = sourcecode.swift; path = ViewController.swift; sourceTree = "<group>"; };
		1807A99A25C721B200F10A37 /* Base */ = {isa = PBXFileReference; lastKnownFileType = file.storyboard; name = Base; path = Base.lproj/Main.storyboard; sourceTree = "<group>"; };
		1807A99D25C721B200F10A37 /* PlacesApp.xcdatamodel */ = {isa = PBXFileReference; lastKnownFileType = wrapper.xcdatamodel; path = PlacesApp.xcdatamodel; sourceTree = "<group>"; };
		1807A99F25C721B300F10A37 /* Assets.xcassets */ = {isa = PBXFileReference; lastKnownFileType = folder.assetcatalog; path = Assets.xcassets; sourceTree = "<group>"; };
		1807A9A225C721B300F10A37 /* Base */ = {isa = PBXFileReference; lastKnownFileType = file.storyboard; name = Base; path = Base.lproj/LaunchScreen.storyboard; sourceTree = "<group>"; };
		1807A9A425C721B300F10A37 /* Info.plist */ = {isa = PBXFileReference; lastKnownFileType = text.plist.xml; path = Info.plist; sourceTree = "<group>"; };
		1807A9A925C721B300F10A37 /* PlacesAppTests.xctest */ = {isa = PBXFileReference; explicitFileType = wrapper.cfbundle; includeInIndex = 0; path = PlacesAppTests.xctest; sourceTree = BUILT_PRODUCTS_DIR; };
		1807A9AD25C721B300F10A37 /* PlacesAppTests.swift */ = {isa = PBXFileReference; lastKnownFileType = sourcecode.swift; path = PlacesAppTests.swift; sourceTree = "<group>"; };
		1807A9AF25C721B300F10A37 /* Info.plist */ = {isa = PBXFileReference; lastKnownFileType = text.plist.xml; path = Info.plist; sourceTree = "<group>"; };
		1807A9B425C721B300F10A37 /* PlacesAppUITests.xctest */ = {isa = PBXFileReference; explicitFileType = wrapper.cfbundle; includeInIndex = 0; path = PlacesAppUITests.xctest; sourceTree = BUILT_PRODUCTS_DIR; };
		1807A9B825C721B300F10A37 /* PlacesAppUITests.swift */ = {isa = PBXFileReference; lastKnownFileType = sourcecode.swift; path = PlacesAppUITests.swift; sourceTree = "<group>"; };
		1807A9BA25C721B300F10A37 /* Info.plist */ = {isa = PBXFileReference; lastKnownFileType = text.plist.xml; path = Info.plist; sourceTree = "<group>"; };
/* End PBXFileReference section */

/* Begin PBXFrameworksBuildPhase section */
		1807A98D25C721B200F10A37 /* Frameworks */ = {
			isa = PBXFrameworksBuildPhase;
			buildActionMask = 2147483647;
			files = (
			);
			runOnlyForDeploymentPostprocessing = 0;
		};
		1807A9A625C721B300F10A37 /* Frameworks */ = {
			isa = PBXFrameworksBuildPhase;
			buildActionMask = 2147483647;
			files = (
			);
			runOnlyForDeploymentPostprocessing = 0;
		};
		1807A9B125C721B300F10A37 /* Frameworks */ = {
			isa = PBXFrameworksBuildPhase;
			buildActionMask = 2147483647;
			files = (
			);
			runOnlyForDeploymentPostprocessing = 0;
		};
/* End PBXFrameworksBuildPhase section */

/* Begin PBXGroup section */
		1807A98725C721B200F10A37 = {
			isa = PBXGroup;
			children = (
				1807A99225C721B200F10A37 /* PlacesApp */,
				1807A9AC25C721B300F10A37 /* PlacesAppTests */,
				1807A9B725C721B300F10A37 /* PlacesAppUITests */,
				1807A99125C721B200F10A37 /* Products */,
			);
			sourceTree = "<group>";
		};
		1807A99125C721B200F10A37 /* Products */ = {
			isa = PBXGroup;
			children = (
				1807A99025C721B200F10A37 /* PlacesApp.app */,
				1807A9A925C721B300F10A37 /* PlacesAppTests.xctest */,
				1807A9B425C721B300F10A37 /* PlacesAppUITests.xctest */,
			);
			name = Products;
			sourceTree = "<group>";
		};
		1807A99225C721B200F10A37 /* PlacesApp */ = {
			isa = PBXGroup;
			children = (
				1807A99325C721B200F10A37 /* AppDelegate.swift */,
				1807A99525C721B200F10A37 /* SceneDelegate.swift */,
				1807A99725C721B200F10A37 /* ViewController.swift */,
				1807A99925C721B200F10A37 /* Main.storyboard */,
				1807A99F25C721B300F10A37 /* Assets.xcassets */,
				1807A9A125C721B300F10A37 /* LaunchScreen.storyboard */,
				1807A9A425C721B300F10A37 /* Info.plist */,
				1807A99C25C721B200F10A37 /* PlacesApp.xcdatamodeld */,
			);
			path = PlacesApp;
			sourceTree = "<group>";
		};
		1807A9AC25C721B300F10A37 /* PlacesAppTests */ = {
			isa = PBXGroup;
			children = (
				1807A9AD25C721B300F10A37 /* PlacesAppTests.swift */,
				1807A9AF25C721B300F10A37 /* Info.plist */,
			);
			path = PlacesAppTests;
			sourceTree = "<group>";
		};
		1807A9B725C721B300F10A37 /* PlacesAppUITests */ = {
			isa = PBXGroup;
			children = (
				1807A9B825C721B300F10A37 /* PlacesAppUITests.swift */,
				1807A9BA25C721B300F10A37 /* Info.plist */,
			);
			path = PlacesAppUITests;
			sourceTree = "<group>";
		};
/* End PBXGroup section */

/* Begin PBXNativeTarget section */
		1807A98F25C721B200F10A37 /* PlacesApp */ = {
			isa = PBXNativeTarget;
			buildConfigurationList = 1807A9BD25C721B300F10A37 /* Build configuration list for PBXNativeTarget "PlacesApp" */;
			buildPhases = (
				1807A98C25C721B200F10A37 /* Sources */,
				1807A98D25C721B200F10A37 /* Frameworks */,
				1807A98E25C721B200F10A37 /* Resources */,
			);
			buildRules = (
			);
			dependencies = (
			);
			name = PlacesApp;
			productName = PlacesApp;
			productReference = 1807A99025C721B200F10A37 /* PlacesApp.app */;
			productType = "com.apple.product-type.application";
		};
		1807A9A825C721B300F10A37 /* PlacesAppTests */ = {
			isa = PBXNativeTarget;
			buildConfigurationList = 1807A9C025C721B300F10A37 /* Build configuration list for PBXNativeTarget "PlacesAppTests" */;
			buildPhases = (
				1807A9A525C721B300F10A37 /* Sources */,
				1807A9A625C721B300F10A37 /* Frameworks */,
				1807A9A725C721B300F10A37 /* Resources */,
			);
			buildRules = (
			);
			dependencies = (
				1807A9AB25C721B300F10A37 /* PBXTargetDependency */,
			);
			name = PlacesAppTests;
			productName = PlacesAppTests;
			productReference = 1807A9A925C721B300F10A37 /* PlacesAppTests.xctest */;
			productType = "com.apple.product-type.bundle.unit-test";
		};
		1807A9B325C721B300F10A37 /* PlacesAppUITests */ = {
			isa = PBXNativeTarget;
			buildConfigurationList = 1807A9C325C721B300F10A37 /* Build configuration list for PBXNativeTarget "PlacesAppUITests" */;
			buildPhases = (
				1807A9B025C721B300F10A37 /* Sources */,
				1807A9B125C721B300F10A37 /* Frameworks */,
				1807A9B225C721B300F10A37 /* Resources */,
			);
			buildRules = (
			);
			dependencies = (
				1807A9B625C721B300F10A37 /* PBXTargetDependency */,
			);
			name = PlacesAppUITests;
			productName = PlacesAppUITests;
			productReference = 1807A9B425C721B300F10A37 /* PlacesAppUITests.xctest */;
			productType = "com.apple.product-type.bundle.ui-testing";
		};
/* End PBXNativeTarget section */

/* Begin PBXProject section */
		1807A98825C721B200F10A37 /* Project object */ = {
			isa = PBXProject;
			attributes = {
				LastSwiftUpdateCheck = 1210;
				LastUpgradeCheck = 1210;
				TargetAttributes = {
					1807A98F25C721B200F10A37 = {
						CreatedOnToolsVersion = 12.1;
					};
					1807A9A825C721B300F10A37 = {
						CreatedOnToolsVersion = 12.1;
						TestTargetID = 1807A98F25C721B200F10A37;
					};
					1807A9B325C721B300F10A37 = {
						CreatedOnToolsVersion = 12.1;
						TestTargetID = 1807A98F25C721B200F10A37;
					};
				};
			};
			buildConfigurationList = 1807A98B25C721B200F10A37 /* Build configuration list for PBXProject "PlacesApp" */;
			compatibilityVersion = "Xcode 9.3";
			developmentRegion = en;
			hasScannedForEncodings = 0;
			knownRegions = (
				en,
				Base,
			);
			mainGroup = 1807A98725C721B200F10A37;
			productRefGroup = 1807A99125C721B200F10A37 /* Products */;
			projectDirPath = "";
			projectRoot = "";
			targets = (
				1807A98F25C721B200F10A37 /* PlacesApp */,
				1807A9A825C721B300F10A37 /* PlacesAppTests */,
				1807A9B325C721B300F10A37 /* PlacesAppUITests */,
			);
		};
/* End PBXProject section */

/* Begin PBXResourcesBuildPhase section */
		1807A98E25C721B200F10A37 /* Resources */ = {
			isa = PBXResourcesBuildPhase;
			buildActionMask = 2147483647;
			files = (
				1807A9A325C721B300F10A37 /* LaunchScreen.storyboard in Resources */,
				1807A9A025C721B300F10A37 /* Assets.xcassets in Resources */,
				1807A99B25C721B200F10A37 /* Main.storyboard in Resources */,
			);
			runOnlyForDeploymentPostprocessing = 0;
		};
		1807A9A725C721B300F10A37 /* Resources */ = {
			isa = PBXResourcesBuildPhase;
			buildActionMask = 2147483647;
			files = (
			);
			runOnlyForDeploymentPostprocessing = 0;
		};
		1807A9B225C721B300F10A37 /* Resources */ = {
			isa = PBXResourcesBuildPhase;
			buildActionMask = 2147483647;
			files = (
			);
			runOnlyForDeploymentPostprocessing = 0;
		};
/* End PBXResourcesBuildPhase section */

/* Begin PBXSourcesBuildPhase section */
		1807A98C25C721B200F10A37 /* Sources */ = {
			isa = PBXSourcesBuildPhase;
			buildActionMask = 2147483647;
			files = (
				1807A99825C721B200F10A37 /* ViewController.swift in Sources */,
				1807A99425C721B200F10A37 /* AppDelegate.swift in Sources */,
				1807A99625C721B200F10A37 /* SceneDelegate.swift in Sources */,
				1807A99E25C721B200F10A37 /* PlacesApp.xcdatamodeld in Sources */,
			);
			runOnlyForDeploymentPostprocessing = 0;
		};
		1807A9A525C721B300F10A37 /* Sources */ = {
			isa = PBXSourcesBuildPhase;
			buildActionMask = 2147483647;
			files = (
				1807A9AE25C721B300F10A37 /* PlacesAppTests.swift in Sources */,
			);
			runOnlyForDeploymentPostprocessing = 0;
		};
		1807A9B025C721B300F10A37 /* Sources */ = {
			isa = PBXSourcesBuildPhase;
			buildActionMask = 2147483647;
			files = (
				1807A9B925C721B300F10A37 /* PlacesAppUITests.swift in Sources */,
			);
			runOnlyForDeploymentPostprocessing = 0;
		};
/* End PBXSourcesBuildPhase section */

/* Begin PBXTargetDependency section */
		1807A9AB25C721B300F10A37 /* PBXTargetDependency */ = {
			isa = PBXTargetDependency;
			target = 1807A98F25C721B200F10A37 /* PlacesApp */;
			targetProxy = 1807A9AA25C721B300F10A37 /* PBXContainerItemProxy */;
		};
		1807A9B625C721B300F10A37 /* PBXTargetDependency */ = {
			isa = PBXTargetDependency;
			target = 1807A98F25C721B200F10A37 /* PlacesApp */;
			targetProxy = 1807A9B525C721B300F10A37 /* PBXContainerItemProxy */;
		};
/* End PBXTargetDependency section */

/* Begin PBXVariantGroup section */
		1807A99925C721B200F10A37 /* Main.storyboard */ = {
			isa = PBXVariantGroup;
			children = (
				1807A99A25C721B200F10A37 /* Base */,
			);
			name = Main.storyboard;
			sourceTree = "<group>";
		};
		1807A9A125C721B300F10A37 /* LaunchScreen.storyboard */ = {
			isa = PBXVariantGroup;
			children = (
				1807A9A225C721B300F10A37 /* Base */,
			);
			name = LaunchScreen.storyboard;
			sourceTree = "<group>";
		};
/* End PBXVariantGroup section */

/* Begin XCBuildConfiguration section */
		1807A9BB25C721B300F10A37 /* Debug */ = {
			isa = XCBuildConfiguration;
			buildSettings = {
				ALWAYS_SEARCH_USER_PATHS = NO;
				CLANG_ANALYZER_NONNULL = YES;
				CLANG_ANALYZER_NUMBER_OBJECT_CONVERSION = YES_AGGRESSIVE;
				CLANG_CXX_LANGUAGE_STANDARD = "gnu++14";
				CLANG_CXX_LIBRARY = "libc++";
				CLANG_ENABLE_MODULES = YES;
				CLANG_ENABLE_OBJC_ARC = YES;
				CLANG_ENABLE_OBJC_WEAK = YES;
				CLANG_WARN_BLOCK_CAPTURE_AUTORELEASING = YES;
				CLANG_WARN_BOOL_CONVERSION = YES;
				CLANG_WARN_COMMA = YES;
				CLANG_WARN_CONSTANT_CONVERSION = YES;
				CLANG_WARN_DEPRECATED_OBJC_IMPLEMENTATIONS = YES;
				CLANG_WARN_DIRECT_OBJC_ISA_USAGE = YES_ERROR;
				CLANG_WARN_DOCUMENTATION_COMMENTS = YES;
				CLANG_WARN_EMPTY_BODY = YES;
				CLANG_WARN_ENUM_CONVERSION = YES;
				CLANG_WARN_INFINITE_RECURSION = YES;
				CLANG_WARN_INT_CONVERSION = YES;
				CLANG_WARN_NON_LITERAL_NULL_CONVERSION = YES;
				CLANG_WARN_OBJC_IMPLICIT_RETAIN_SELF = YES;
				CLANG_WARN_OBJC_LITERAL_CONVERSION = YES;
				CLANG_WARN_OBJC_ROOT_CLASS = YES_ERROR;
				CLANG_WARN_QUOTED_INCLUDE_IN_FRAMEWORK_HEADER = YES;
				CLANG_WARN_RANGE_LOOP_ANALYSIS = YES;
				CLANG_WARN_STRICT_PROTOTYPES = YES;
				CLANG_WARN_SUSPICIOUS_MOVE = YES;
				CLANG_WARN_UNGUARDED_AVAILABILITY = YES_AGGRESSIVE;
				CLANG_WARN_UNREACHABLE_CODE = YES;
				CLANG_WARN__DUPLICATE_METHOD_MATCH = YES;
				COPY_PHASE_STRIP = NO;
				DEBUG_INFORMATION_FORMAT = dwarf;
				ENABLE_STRICT_OBJC_MSGSEND = YES;
				ENABLE_TESTABILITY = YES;
				GCC_C_LANGUAGE_STANDARD = gnu11;
				GCC_DYNAMIC_NO_PIC = NO;
				GCC_NO_COMMON_BLOCKS = YES;
				GCC_OPTIMIZATION_LEVEL = 0;
				GCC_PREPROCESSOR_DEFINITIONS = (
					"DEBUG=1",
					"$(inherited)",
				);
				GCC_WARN_64_TO_32_BIT_CONVERSION = YES;
				GCC_WARN_ABOUT_RETURN_TYPE = YES_ERROR;
				GCC_WARN_UNDECLARED_SELECTOR = YES;
				GCC_WARN_UNINITIALIZED_AUTOS = YES_AGGRESSIVE;
				GCC_WARN_UNUSED_FUNCTION = YES;
				GCC_WARN_UNUSED_VARIABLE = YES;
				IPHONEOS_DEPLOYMENT_TARGET = 14.1;
				MTL_ENABLE_DEBUG_INFO = INCLUDE_SOURCE;
				MTL_FAST_MATH = YES;
				ONLY_ACTIVE_ARCH = YES;
				SDKROOT = iphoneos;
				SWIFT_ACTIVE_COMPILATION_CONDITIONS = DEBUG;
				SWIFT_OPTIMIZATION_LEVEL = "-Onone";
			};
			name = Debug;
		};
		1807A9BC25C721B300F10A37 /* Release */ = {
			isa = XCBuildConfiguration;
			buildSettings = {
				ALWAYS_SEARCH_USER_PATHS = NO;
				CLANG_ANALYZER_NONNULL = YES;
				CLANG_ANALYZER_NUMBER_OBJECT_CONVERSION = YES_AGGRESSIVE;
				CLANG_CXX_LANGUAGE_STANDARD = "gnu++14";
				CLANG_CXX_LIBRARY = "libc++";
				CLANG_ENABLE_MODULES = YES;
				CLANG_ENABLE_OBJC_ARC = YES;
				CLANG_ENABLE_OBJC_WEAK = YES;
				CLANG_WARN_BLOCK_CAPTURE_AUTORELEASING = YES;
				CLANG_WARN_BOOL_CONVERSION = YES;
				CLANG_WARN_COMMA = YES;
				CLANG_WARN_CONSTANT_CONVERSION = YES;
				CLANG_WARN_DEPRECATED_OBJC_IMPLEMENTATIONS = YES;
				CLANG_WARN_DIRECT_OBJC_ISA_USAGE = YES_ERROR;
				CLANG_WARN_DOCUMENTATION_COMMENTS = YES;
				CLANG_WARN_EMPTY_BODY = YES;
				CLANG_WARN_ENUM_CONVERSION = YES;
				CLANG_WARN_INFINITE_RECURSION = YES;
				CLANG_WARN_INT_CONVERSION = YES;
				CLANG_WARN_NON_LITERAL_NULL_CONVERSION = YES;
				CLANG_WARN_OBJC_IMPLICIT_RETAIN_SELF = YES;
				CLANG_WARN_OBJC_LITERAL_CONVERSION = YES;
				CLANG_WARN_OBJC_ROOT_CLASS = YES_ERROR;
				CLANG_WARN_QUOTED_INCLUDE_IN_FRAMEWORK_HEADER = YES;
				CLANG_WARN_RANGE_LOOP_ANALYSIS = YES;
				CLANG_WARN_STRICT_PROTOTYPES = YES;
				CLANG_WARN_SUSPICIOUS_MOVE = YES;
				CLANG_WARN_UNGUARDED_AVAILABILITY = YES_AGGRESSIVE;
				CLANG_WARN_UNREACHABLE_CODE = YES;
				CLANG_WARN__DUPLICATE_METHOD_MATCH = YES;
				COPY_PHASE_STRIP = NO;
				DEBUG_INFORMATION_FORMAT = "dwarf-with-dsym";
				ENABLE_NS_ASSERTIONS = NO;
				ENABLE_STRICT_OBJC_MSGSEND = YES;
				GCC_C_LANGUAGE_STANDARD = gnu11;
				GCC_NO_COMMON_BLOCKS = YES;
				GCC_WARN_64_TO_32_BIT_CONVERSION = YES;
				GCC_WARN_ABOUT_RETURN_TYPE = YES_ERROR;
				GCC_WARN_UNDECLARED_SELECTOR = YES;
				GCC_WARN_UNINITIALIZED_AUTOS = YES_AGGRESSIVE;
				GCC_WARN_UNUSED_FUNCTION = YES;
				GCC_WARN_UNUSED_VARIABLE = YES;
				IPHONEOS_DEPLOYMENT_TARGET = 14.1;
				MTL_ENABLE_DEBUG_INFO = NO;
				MTL_FAST_MATH = YES;
				SDKROOT = iphoneos;
				SWIFT_COMPILATION_MODE = wholemodule;
				SWIFT_OPTIMIZATION_LEVEL = "-O";
				VALIDATE_PRODUCT = YES;
			};
			name = Release;
		};
		1807A9BE25C721B300F10A37 /* Debug */ = {
			isa = XCBuildConfiguration;
			buildSettings = {
				ASSETCATALOG_COMPILER_APPICON_NAME = AppIcon;
				ASSETCATALOG_COMPILER_GLOBAL_ACCENT_COLOR_NAME = AccentColor;
				CODE_SIGN_STYLE = Automatic;
				INFOPLIST_FILE = PlacesApp/Info.plist;
				LD_RUNPATH_SEARCH_PATHS = (
					"$(inherited)",
					"@executable_path/Frameworks",
				);
				PRODUCT_BUNDLE_IDENTIFIER = com.amar.PlacesApp;
				PRODUCT_NAME = "$(TARGET_NAME)";
				SWIFT_VERSION = 5.0;
				TARGETED_DEVICE_FAMILY = "1,2";
			};
			name = Debug;
		};
		1807A9BF25C721B300F10A37 /* Release */ = {
			isa = XCBuildConfiguration;
			buildSettings = {
				ASSETCATALOG_COMPILER_APPICON_NAME = AppIcon;
				ASSETCATALOG_COMPILER_GLOBAL_ACCENT_COLOR_NAME = AccentColor;
				CODE_SIGN_STYLE = Automatic;
				INFOPLIST_FILE = PlacesApp/Info.plist;
				LD_RUNPATH_SEARCH_PATHS = (
					"$(inherited)",
					"@executable_path/Frameworks",
				);
				PRODUCT_BUNDLE_IDENTIFIER = com.amar.PlacesApp;
				PRODUCT_NAME = "$(TARGET_NAME)";
				SWIFT_VERSION = 5.0;
				TARGETED_DEVICE_FAMILY = "1,2";
			};
			name = Release;
		};
		1807A9C125C721B300F10A37 /* Debug */ = {
			isa = XCBuildConfiguration;
			buildSettings = {
				ALWAYS_EMBED_SWIFT_STANDARD_LIBRARIES = YES;
				BUNDLE_LOADER = "$(TEST_HOST)";
				CODE_SIGN_STYLE = Automatic;
				INFOPLIST_FILE = PlacesAppTests/Info.plist;
				IPHONEOS_DEPLOYMENT_TARGET = 14.1;
				LD_RUNPATH_SEARCH_PATHS = (
					"$(inherited)",
					"@executable_path/Frameworks",
					"@loader_path/Frameworks",
				);
				PRODUCT_BUNDLE_IDENTIFIER = com.amar.PlacesAppTests;
				PRODUCT_NAME = "$(TARGET_NAME)";
				SWIFT_VERSION = 5.0;
				TARGETED_DEVICE_FAMILY = "1,2";
				TEST_HOST = "$(BUILT_PRODUCTS_DIR)/PlacesApp.app/PlacesApp";
			};
			name = Debug;
		};
		1807A9C225C721B300F10A37 /* Release */ = {
			isa = XCBuildConfiguration;
			buildSettings = {
				ALWAYS_EMBED_SWIFT_STANDARD_LIBRARIES = YES;
				BUNDLE_LOADER = "$(TEST_HOST)";
				CODE_SIGN_STYLE = Automatic;
				INFOPLIST_FILE = PlacesAppTests/Info.plist;
				IPHONEOS_DEPLOYMENT_TARGET = 14.1;
				LD_RUNPATH_SEARCH_PATHS = (
					"$(inherited)",
					"@executable_path/Frameworks",
					"@loader_path/Frameworks",
				);
				PRODUCT_BUNDLE_IDENTIFIER = com.amar.PlacesAppTests;
				PRODUCT_NAME = "$(TARGET_NAME)";
				SWIFT_VERSION = 5.0;
				TARGETED_DEVICE_FAMILY = "1,2";
				TEST_HOST = "$(BUILT_PRODUCTS_DIR)/PlacesApp.app/PlacesApp";
			};
			name = Release;
		};
		1807A9C425C721B300F10A37 /* Debug */ = {
			isa = XCBuildConfiguration;
			buildSettings = {
				ALWAYS_EMBED_SWIFT_STANDARD_LIBRARIES = YES;
				CODE_SIGN_STYLE = Automatic;
				INFOPLIST_FILE = PlacesAppUITests/Info.plist;
				LD_RUNPATH_SEARCH_PATHS = (
					"$(inherited)",
					"@executable_path/Frameworks",
					"@loader_path/Frameworks",
				);
				PRODUCT_BUNDLE_IDENTIFIER = com.amar.PlacesAppUITests;
				PRODUCT_NAME = "$(TARGET_NAME)";
				SWIFT_VERSION = 5.0;
				TARGETED_DEVICE_FAMILY = "1,2";
				TEST_TARGET_NAME = PlacesApp;
			};
			name = Debug;
		};
		1807A9C525C721B300F10A37 /* Release */ = {
			isa = XCBuildConfiguration;
			buildSettings = {
				ALWAYS_EMBED_SWIFT_STANDARD_LIBRARIES = YES;
				CODE_SIGN_STYLE = Automatic;
				INFOPLIST_FILE = PlacesAppUITests/Info.plist;
				LD_RUNPATH_SEARCH_PATHS = (
					"$(inherited)",
					"@executable_path/Frameworks",
					"@loader_path/Frameworks",
				);
				PRODUCT_BUNDLE_IDENTIFIER = com.amar.PlacesAppUITests;
				PRODUCT_NAME = "$(TARGET_NAME)";
				SWIFT_VERSION = 5.0;
				TARGETED_DEVICE_FAMILY = "1,2";
				TEST_TARGET_NAME = PlacesApp;
			};
			name = Release;
		};
/* End XCBuildConfiguration section */

/* Begin XCConfigurationList section */
		1807A98B25C721B200F10A37 /* Build configuration list for PBXProject "PlacesApp" */ = {
			isa = XCConfigurationList;
			buildConfigurations = (
				1807A9BB25C721B300F10A37 /* Debug */,
				1807A9BC25C721B300F10A37 /* Release */,
			);
			defaultConfigurationIsVisible = 0;
			defaultConfigurationName = Release;
		};
		1807A9BD25C721B300F10A37 /* Build configuration list for PBXNativeTarget "PlacesApp" */ = {
			isa = XCConfigurationList;
			buildConfigurations = (
				1807A9BE25C721B300F10A37 /* Debug */,
				1807A9BF25C721B300F10A37 /* Release */,
			);
			defaultConfigurationIsVisible = 0;
			defaultConfigurationName = Release;
		};
		1807A9C025C721B300F10A37 /* Build configuration list for PBXNativeTarget "PlacesAppTests" */ = {
			isa = XCConfigurationList;
			buildConfigurations = (
				1807A9C125C721B300F10A37 /* Debug */,
				1807A9C225C721B300F10A37 /* Release */,
			);
			defaultConfigurationIsVisible = 0;
			defaultConfigurationName = Release;
		};
		1807A9C325C721B300F10A37 /* Build configuration list for PBXNativeTarget "PlacesAppUITests" */ = {
			isa = XCConfigurationList;
			buildConfigurations = (
				1807A9C425C721B300F10A37 /* Debug */,
				1807A9C525C721B300F10A37 /* Release */,
			);
			defaultConfigurationIsVisible = 0;
			defaultConfigurationName = Release;
		};
/* End XCConfigurationList section */

/* Begin XCVersionGroup section */
		1807A99C25C721B200F10A37 /* PlacesApp.xcdatamodeld */ = {
			isa = XCVersionGroup;
			children = (
				1807A99D25C721B200F10A37 /* PlacesApp.xcdatamodel */,
			);
			currentVersion = 1807A99D25C721B200F10A37 /* PlacesApp.xcdatamodel */;
			path = PlacesApp.xcdatamodeld;
			sourceTree = "<group>";
			versionGroupType = wrapper.xcdatamodel;
		};
/* End XCVersionGroup section */
	};
	rootObject = 1807A98825C721B200F10A37 /* Project object */;
}
